
Microsoft Visual Studio Solution File, Format Version 12.00
# Visual Studio Version 16
VisualStudioVersion = 16.0.31624.102
MinimumVisualStudioVersion = 10.0.40219.1
Project("{FAE04EC0-301F-11D3-BF4B-00C04F79EFBC}") = "Coffee shop", "Coffee shop\Coffee shop.csproj", "{3A0E5D3A-DD4E-4369-820E-BDDB1D262FD3}"
EndProject
Global
	GlobalSection(SolutionConfigurationPlatforms) = preSolution
		Debug|Any CPU = Debug|Any CPU
		Release|Any CPU = Release|Any CPU
	EndGlobalSection
	GlobalSection(ProjectConfigurationPlatforms) = postSolution
		{3A0E5D3A-DD4E-4369-820E-BDDB1D262FD3}.Debug|Any CPU.ActiveCfg = Debug|Any CPU
		{3A0E5D3A-DD4E-4369-820E-BDDB1D262FD3}.Debug|Any CPU.Build.0 = Debug|Any CPU
		{3A0E5D3A-DD4E-4369-820E-BDDB1D262FD3}.Release|Any CPU.ActiveCfg = Release|Any CPU
		{3A0E5D3A-DD4E-4369-820E-BDDB1D262FD3}.Release|Any CPU.Build.0 = Release|Any CPU
	EndGlobalSection
	GlobalSection(SolutionProperties) = preSolution
		HideSolutionNode = FALSE
	EndGlobalSection
	GlobalSection(ExtensibilityGlobals) = postSolution
		SolutionGuid = {F420000A-F325-40E3-9349-5B05090E7F59}
	EndGlobalSection
EndGlobal
